// !$*UTF8*$!
{
	archiveVersion = 1;
	classes = {
	};
	objectVersion = 46;
	objects = {

/* Begin PBXBuildFile section */
		A008CBD41A4D23D100BCB3F0 /* main.m in Sources */ = {isa = PBXBuildFile; fileRef = A008CBD31A4D23D100BCB3F0 /* main.m */; };
		A008CBDB1A4D240600BCB3F0 /* AudioToolbox.framework in Frameworks */ = {isa = PBXBuildFile; fileRef = A008CBDA1A4D240600BCB3F0 /* AudioToolbox.framework */; };
/* End PBXBuildFile section */

/* Begin PBXCopyFilesBuildPhase section */
		A008CBCE1A4D23D100BCB3F0 /* CopyFiles */ = {
			isa = PBXCopyFilesBuildPhase;
			buildActionMask = 2147483647;
			dstPath = /usr/share/man/man1/;
			dstSubfolderSpec = 0;
			files = (
			);
			runOnlyForDeploymentPostprocessing = 1;
		};
/* End PBXCopyFilesBuildPhase section */

/* Begin PBXFileReference section */
		A008CBD01A4D23D100BCB3F0 /* CAStreamFormatTester */ = {isa = PBXFileReference; explicitFileType = "compiled.mach-o.executable"; includeInIndex = 0; path = CAStreamFormatTester; sourceTree = BUILT_PRODUCTS_DIR; };
		A008CBD31A4D23D100BCB3F0 /* main.m */ = {isa = PBXFileReference; lastKnownFileType = sourcecode.c.objc; path = main.m; sourceTree = "<group>"; };
		A008CBDA1A4D240600BCB3F0 /* AudioToolbox.framework */ = {isa = PBXFileReference; lastKnownFileType = wrapper.framework; name = AudioToolbox.framework; path = System/Library/Frameworks/AudioToolbox.framework; sourceTree = SDKROOT; };
/* End PBXFileReference section */

/* Begin PBXFrameworksBuildPhase section */
		A008CBCD1A4D23D100BCB3F0 /* Frameworks */ = {
			isa = PBXFrameworksBuildPhase;
			buildActionMask = 2147483647;
			files = (
				A008CBDB1A4D240600BCB3F0 /* AudioToolbox.framework in Frameworks */,
			);
			runOnlyForDeploymentPostprocessing = 0;
		};
/* End PBXFrameworksBuildPhase section */

/* Begin PBXGroup section */
		A008CBC71A4D23D100BCB3F0 = {
			isa = PBXGroup;
			children = (
				A008CBDA1A4D240600BCB3F0 /* AudioToolbox.framework */,
				A008CBD21A4D23D100BCB3F0 /* CAStreamFormatTester */,
				A008CBD11A4D23D100BCB3F0 /* Products */,
			);
			sourceTree = "<group>";
		};
		A008CBD11A4D23D100BCB3F0 /* Products */ = {
			isa = PBXGroup;
			children = (
				A008CBD01A4D23D100BCB3F0 /* CAStreamFormatTester */,
			);
			name = Products;
			sourceTree = "<group>";
		};
		A008CBD21A4D23D100BCB3F0 /* CAStreamFormatTester */ = {
			isa = PBXGroup;
			children = (
				A008CBD31A4D23D100BCB3F0 /* main.m */,
			);
			path = CAStreamFormatTester;
			sourceTree = "<group>";
		};
/* End PBXGroup section */

/* Begin PBXNativeTarget section */
		A008CBCF1A4D23D100BCB3F0 /* CAStreamFormatTester */ = {
			isa = PBXNativeTarget;
			buildConfigurationList = A008CBD71A4D23D100BCB3F0 /* Build configuration list for PBXNativeTarget "CAStreamFormatTester" */;
			buildPhases = (
				A008CBCC1A4D23D100BCB3F0 /* Sources */,
				A008CBCD1A4D23D100BCB3F0 /* Frameworks */,
				A008CBCE1A4D23D100BCB3F0 /* CopyFiles */,
			);
			buildRules = (
			);
			dependencies = (
			);
			name = CAStreamFormatTester;
			productName = CAStreamFormatTester;
			productReference = A008CBD01A4D23D100BCB3F0 /* CAStreamFormatTester */;
			productType = "com.apple.product-type.tool";
		};
/* End PBXNativeTarget section */

/* Begin PBXProject section */
		A008CBC81A4D23D100BCB3F0 /* Project object */ = {
			isa = PBXProject;
			attributes = {
				LastUpgradeCheck = 0610;
				ORGANIZATIONNAME = Tim;
				TargetAttributes = {
					A008CBCF1A4D23D100BCB3F0 = {
						CreatedOnToolsVersion = 6.1.1;
					};
				};
			};
			buildConfigurationList = A008CBCB1A4D23D100BCB3F0 /* Build configuration list for PBXProject "CAStreamFormatTester" */;
			compatibilityVersion = "Xcode 3.2";
			developmentRegion = English;
			hasScannedForEncodings = 0;
			knownRegions = (
				en,
			);
			mainGroup = A008CBC71A4D23D100BCB3F0;
			productRefGroup = A008CBD11A4D23D100BCB3F0 /* Products */;
			projectDirPath = "";
			projectRoot = "";
			targets = (
				A008CBCF1A4D23D100BCB3F0 /* CAStreamFormatTester */,
			);
		};
/* End PBXProject section */

/* Begin PBXSourcesBuildPhase section */
		A008CBCC1A4D23D100BCB3F0 /* Sources */ = {
			isa = PBXSourcesBuildPhase;
			buildActionMask = 2147483647;
			files = (
				A008CBD41A4D23D100BCB3F0 /* main.m in Sources */,
			);
			runOnlyForDeploymentPostprocessing = 0;
		};
/* End PBXSourcesBuildPhase section */

/* Begin XCBuildConfiguration section */
		A008CBD51A4D23D100BCB3F0 /* Debug */ = {
			isa = XCBuildConfiguration;
			buildSettings = {
				ALWAYS_SEARCH_USER_PATHS = NO;
				CLANG_CXX_LANGUAGE_STANDARD = "gnu++0x";
				CLANG_CXX_LIBRARY = "libc++";
				CLANG_ENABLE_MODULES = YES;
				CLANG_ENABLE_OBJC_ARC = YES;
				CLANG_WARN_BOOL_CONVERSION = YES;
				CLANG_WARN_CONSTANT_CONVERSION = YES;
				CLANG_WARN_DIRECT_OBJC_ISA_USAGE = YES_ERROR;
				CLANG_WARN_EMPTY_BODY = YES;
				CLANG_WARN_ENUM_CONVERSION = YES;
				CLANG_WARN_INT_CONVERSION = YES;
				CLANG_WARN_OBJC_ROOT_CLASS = YES_ERROR;
				CLANG_WARN_UNREACHABLE_CODE = YES;
				CLANG_WARN__DUPLICATE_METHOD_MATCH = YES;
				COPY_PHASE_STRIP = NO;
				ENABLE_STRICT_OBJC_MSGSEND = YES;
				GCC_C_LANGUAGE_STANDARD = gnu99;
				GCC_DYNAMIC_NO_PIC = NO;
				GCC_OPTIMIZATION_LEVEL = 0;
				GCC_PREPROCESSOR_DEFINITIONS = (
					"DEBUG=1",
					"$(inherited)",
				);
				GCC_SYMBOLS_PRIVATE_EXTERN = NO;
				GCC_WARN_64_TO_32_BIT_CONVERSION = YES;
				GCC_WARN_ABOUT_RETURN_TYPE = YES_ERROR;
				GCC_WARN_UNDECLARED_SELECTOR = YES;
				GCC_WARN_UNINITIALIZED_AUTOS = YES_AGGRESSIVE;
				GCC_WARN_UNUSED_FUNCTION = YES;
				GCC_WARN_UNUSED_VARIABLE = YES;
				MACOSX_DEPLOYMENT_TARGET = 10.10;
				MTL_ENABLE_DEBUG_INFO = YES;
				ONLY_ACTIVE_ARCH = YES;
				SDKROOT = macosx;
			};
			name = Debug;
		};
		A008CBD61A4D23D100BCB3F0 /* Release */ = {
			isa = XCBuildConfiguration;
			buildSettings = {
				ALWAYS_SEARCH_USER_PATHS = NO;
				CLANG_CXX_LANGUAGE_STANDARD = "gnu++0x";
				CLANG_CXX_LIBRARY = "libc++";
				CLANG_ENABLE_MODULES = YES;
				CLANG_ENABLE_OBJC_ARC = YES;
				CLANG_WARN_BOOL_CONVERSION = YES;
				CLANG_WARN_CONSTANT_CONVERSION = YES;
				CLANG_WARN_DIRECT_OBJC_ISA_USAGE = YES_ERROR;
				CLANG_WARN_EMPTY_BODY = YES;
				CLANG_WARN_ENUM_CONVERSION = YES;
				CLANG_WARN_INT_CONVERSION = YES;
				CLANG_WARN_OBJC_ROOT_CLASS = YES_ERROR;
				CLANG_WARN_UNREACHABLE_CODE = YES;
				CLANG_WARN__DUPLICATE_METHOD_MATCH = YES;
				COPY_PHASE_STRIP = YES;
				DEBUG_INFORMATION_FORMAT = "dwarf-with-dsym";
				ENABLE_NS_ASSERTIONS = NO;
				ENABLE_STRICT_OBJC_MSGSEND = YES;
				GCC_C_LANGUAGE_STANDARD = gnu99;
				GCC_WARN_64_TO_32_BIT_CONVERSION = YES;
				GCC_WARN_ABOUT_RETURN_TYPE = YES_ERROR;
				GCC_WARN_UNDECLARED_SELECTOR = YES;
				GCC_WARN_UNINITIALIZED_AUTOS = YES_AGGRESSIVE;
				GCC_WARN_UNUSED_FUNCTION = YES;
				GCC_WARN_UNUSED_VARIABLE = YES;
				MACOSX_DEPLOYMENT_TARGET = 10.10;
				MTL_ENABLE_DEBUG_INFO = NO;
				SDKROOT = macosx;
			};
			name = Release;
		};
		A008CBD81A4D23D100BCB3F0 /* Debug */ = {
			isa = XCBuildConfiguration;
			buildSettings = {
				PRODUCT_NAME = "$(TARGET_NAME)";
			};
			name = Debug;
		};
		A008CBD91A4D23D100BCB3F0 /* Release */ = {
			isa = XCBuildConfiguration;
			buildSettings = {
				PRODUCT_NAME = "$(TARGET_NAME)";
			};
			name = Release;
		};
/* End XCBuildConfiguration section */

/* Begin XCConfigurationList section */
		A008CBCB1A4D23D100BCB3F0 /* Build configuration list for PBXProject "CAStreamFormatTester" */ = {
			isa = XCConfigurationList;
			buildConfigurations = (
				A008CBD51A4D23D100BCB3F0 /* Debug */,
				A008CBD61A4D23D100BCB3F0 /* Release */,
			);
			defaultConfigurationIsVisible = 0;
			defaultConfigurationName = Release;
		};
		A008CBD71A4D23D100BCB3F0 /* Build configuration list for PBXNativeTarget "CAStreamFormatTester" */ = {
			isa = XCConfigurationList;
			buildConfigurations = (
				A008CBD81A4D23D100BCB3F0 /* Debug */,
				A008CBD91A4D23D100BCB3F0 /* Release */,
			);
			defaultConfigurationIsVisible = 0;
		};
/* End XCConfigurationList section */
	};
	rootObject = A008CBC81A4D23D100BCB3F0 /* Project object */;
}
