// !$*UTF8*$!
{
	archiveVersion = 1;
	classes = {
	};
	objectVersion = 46;
	objects = {

/* Begin PBXBuildFile section */
		A00EEE5C1A2D8384008D9E6C /* AppDelegate.m in Sources */ = {isa = PBXBuildFile; fileRef = A00EEE5B1A2D8384008D9E6C /* AppDelegate.m */; };
		A00EEE5E1A2D8384008D9E6C /* main.m in Sources */ = {isa = PBXBuildFile; fileRef = A00EEE5D1A2D8384008D9E6C /* main.m */; };
		A00EEE601A2D8384008D9E6C /* Images.xcassets in Resources */ = {isa = PBXBuildFile; fileRef = A00EEE5F1A2D8384008D9E6C /* Images.xcassets */; };
		A00EEE631A2D8385008D9E6C /* MainMenu.xib in Resources */ = {isa = PBXBuildFile; fileRef = A00EEE611A2D8385008D9E6C /* MainMenu.xib */; };
		A00EEE6F1A2D8385008D9E6C /* RandomTests.m in Sources */ = {isa = PBXBuildFile; fileRef = A00EEE6E1A2D8385008D9E6C /* RandomTests.m */; };
/* End PBXBuildFile section */

/* Begin PBXContainerItemProxy section */
		A00EEE691A2D8385008D9E6C /* PBXContainerItemProxy */ = {
			isa = PBXContainerItemProxy;
			containerPortal = A00EEE4D1A2D8384008D9E6C /* Project object */;
			proxyType = 1;
			remoteGlobalIDString = A00EEE541A2D8384008D9E6C;
			remoteInfo = Random;
		};
/* End PBXContainerItemProxy section */

/* Begin PBXFileReference section */
		A00EEE551A2D8384008D9E6C /* Random.app */ = {isa = PBXFileReference; explicitFileType = wrapper.application; includeInIndex = 0; path = Random.app; sourceTree = BUILT_PRODUCTS_DIR; };
		A00EEE591A2D8384008D9E6C /* Info.plist */ = {isa = PBXFileReference; lastKnownFileType = text.plist.xml; path = Info.plist; sourceTree = "<group>"; };
		A00EEE5A1A2D8384008D9E6C /* AppDelegate.h */ = {isa = PBXFileReference; lastKnownFileType = sourcecode.c.h; path = AppDelegate.h; sourceTree = "<group>"; };
		A00EEE5B1A2D8384008D9E6C /* AppDelegate.m */ = {isa = PBXFileReference; lastKnownFileType = sourcecode.c.objc; path = AppDelegate.m; sourceTree = "<group>"; };
		A00EEE5D1A2D8384008D9E6C /* main.m */ = {isa = PBXFileReference; lastKnownFileType = sourcecode.c.objc; path = main.m; sourceTree = "<group>"; };
		A00EEE5F1A2D8384008D9E6C /* Images.xcassets */ = {isa = PBXFileReference; lastKnownFileType = folder.assetcatalog; path = Images.xcassets; sourceTree = "<group>"; };
		A00EEE621A2D8385008D9E6C /* Base */ = {isa = PBXFileReference; lastKnownFileType = file.xib; name = Base; path = Base.lproj/MainMenu.xib; sourceTree = "<group>"; };
		A00EEE681A2D8385008D9E6C /* RandomTests.xctest */ = {isa = PBXFileReference; explicitFileType = wrapper.cfbundle; includeInIndex = 0; path = RandomTests.xctest; sourceTree = BUILT_PRODUCTS_DIR; };
		A00EEE6D1A2D8385008D9E6C /* Info.plist */ = {isa = PBXFileReference; lastKnownFileType = text.plist.xml; path = Info.plist; sourceTree = "<group>"; };
		A00EEE6E1A2D8385008D9E6C /* RandomTests.m */ = {isa = PBXFileReference; lastKnownFileType = sourcecode.c.objc; path = RandomTests.m; sourceTree = "<group>"; };
/* End PBXFileReference section */

/* Begin PBXFrameworksBuildPhase section */
		A00EEE521A2D8384008D9E6C /* Frameworks */ = {
			isa = PBXFrameworksBuildPhase;
			buildActionMask = 2147483647;
			files = (
			);
			runOnlyForDeploymentPostprocessing = 0;
		};
		A00EEE651A2D8385008D9E6C /* Frameworks */ = {
			isa = PBXFrameworksBuildPhase;
			buildActionMask = 2147483647;
			files = (
			);
			runOnlyForDeploymentPostprocessing = 0;
		};
/* End PBXFrameworksBuildPhase section */

/* Begin PBXGroup section */
		A00EEE4C1A2D8384008D9E6C = {
			isa = PBXGroup;
			children = (
				A00EEE571A2D8384008D9E6C /* Random */,
				A00EEE6B1A2D8385008D9E6C /* RandomTests */,
				A00EEE561A2D8384008D9E6C /* Products */,
			);
			sourceTree = "<group>";
		};
		A00EEE561A2D8384008D9E6C /* Products */ = {
			isa = PBXGroup;
			children = (
				A00EEE551A2D8384008D9E6C /* Random.app */,
				A00EEE681A2D8385008D9E6C /* RandomTests.xctest */,
			);
			name = Products;
			sourceTree = "<group>";
		};
		A00EEE571A2D8384008D9E6C /* Random */ = {
			isa = PBXGroup;
			children = (
				A00EEE5A1A2D8384008D9E6C /* AppDelegate.h */,
				A00EEE5B1A2D8384008D9E6C /* AppDelegate.m */,
				A00EEE5F1A2D8384008D9E6C /* Images.xcassets */,
				A00EEE611A2D8385008D9E6C /* MainMenu.xib */,
				A00EEE581A2D8384008D9E6C /* Supporting Files */,
			);
			path = Random;
			sourceTree = "<group>";
		};
		A00EEE581A2D8384008D9E6C /* Supporting Files */ = {
			isa = PBXGroup;
			children = (
				A00EEE591A2D8384008D9E6C /* Info.plist */,
				A00EEE5D1A2D8384008D9E6C /* main.m */,
			);
			name = "Supporting Files";
			sourceTree = "<group>";
		};
		A00EEE6B1A2D8385008D9E6C /* RandomTests */ = {
			isa = PBXGroup;
			children = (
				A00EEE6E1A2D8385008D9E6C /* RandomTests.m */,
				A00EEE6C1A2D8385008D9E6C /* Supporting Files */,
			);
			path = RandomTests;
			sourceTree = "<group>";
		};
		A00EEE6C1A2D8385008D9E6C /* Supporting Files */ = {
			isa = PBXGroup;
			children = (
				A00EEE6D1A2D8385008D9E6C /* Info.plist */,
			);
			name = "Supporting Files";
			sourceTree = "<group>";
		};
/* End PBXGroup section */

/* Begin PBXNativeTarget section */
		A00EEE541A2D8384008D9E6C /* Random */ = {
			isa = PBXNativeTarget;
			buildConfigurationList = A00EEE721A2D8385008D9E6C /* Build configuration list for PBXNativeTarget "Random" */;
			buildPhases = (
				A00EEE511A2D8384008D9E6C /* Sources */,
				A00EEE521A2D8384008D9E6C /* Frameworks */,
				A00EEE531A2D8384008D9E6C /* Resources */,
			);
			buildRules = (
			);
			dependencies = (
			);
			name = Random;
			productName = Random;
			productReference = A00EEE551A2D8384008D9E6C /* Random.app */;
			productType = "com.apple.product-type.application";
		};
		A00EEE671A2D8385008D9E6C /* RandomTests */ = {
			isa = PBXNativeTarget;
			buildConfigurationList = A00EEE751A2D8385008D9E6C /* Build configuration list for PBXNativeTarget "RandomTests" */;
			buildPhases = (
				A00EEE641A2D8385008D9E6C /* Sources */,
				A00EEE651A2D8385008D9E6C /* Frameworks */,
				A00EEE661A2D8385008D9E6C /* Resources */,
			);
			buildRules = (
			);
			dependencies = (
				A00EEE6A1A2D8385008D9E6C /* PBXTargetDependency */,
			);
			name = RandomTests;
			productName = RandomTests;
			productReference = A00EEE681A2D8385008D9E6C /* RandomTests.xctest */;
			productType = "com.apple.product-type.bundle.unit-test";
		};
/* End PBXNativeTarget section */

/* Begin PBXProject section */
		A00EEE4D1A2D8384008D9E6C /* Project object */ = {
			isa = PBXProject;
			attributes = {
				LastUpgradeCheck = 0610;
				ORGANIZATIONNAME = TimShull;
				TargetAttributes = {
					A00EEE541A2D8384008D9E6C = {
						CreatedOnToolsVersion = 6.1;
					};
					A00EEE671A2D8385008D9E6C = {
						CreatedOnToolsVersion = 6.1;
						TestTargetID = A00EEE541A2D8384008D9E6C;
					};
				};
			};
			buildConfigurationList = A00EEE501A2D8384008D9E6C /* Build configuration list for PBXProject "Random" */;
			compatibilityVersion = "Xcode 3.2";
			developmentRegion = English;
			hasScannedForEncodings = 0;
			knownRegions = (
				en,
				Base,
			);
			mainGroup = A00EEE4C1A2D8384008D9E6C;
			productRefGroup = A00EEE561A2D8384008D9E6C /* Products */;
			projectDirPath = "";
			projectRoot = "";
			targets = (
				A00EEE541A2D8384008D9E6C /* Random */,
				A00EEE671A2D8385008D9E6C /* RandomTests */,
			);
		};
/* End PBXProject section */

/* Begin PBXResourcesBuildPhase section */
		A00EEE531A2D8384008D9E6C /* Resources */ = {
			isa = PBXResourcesBuildPhase;
			buildActionMask = 2147483647;
			files = (
				A00EEE601A2D8384008D9E6C /* Images.xcassets in Resources */,
				A00EEE631A2D8385008D9E6C /* MainMenu.xib in Resources */,
			);
			runOnlyForDeploymentPostprocessing = 0;
		};
		A00EEE661A2D8385008D9E6C /* Resources */ = {
			isa = PBXResourcesBuildPhase;
			buildActionMask = 2147483647;
			files = (
			);
			runOnlyForDeploymentPostprocessing = 0;
		};
/* End PBXResourcesBuildPhase section */

/* Begin PBXSourcesBuildPhase section */
		A00EEE511A2D8384008D9E6C /* Sources */ = {
			isa = PBXSourcesBuildPhase;
			buildActionMask = 2147483647;
			files = (
				A00EEE5E1A2D8384008D9E6C /* main.m in Sources */,
				A00EEE5C1A2D8384008D9E6C /* AppDelegate.m in Sources */,
			);
			runOnlyForDeploymentPostprocessing = 0;
		};
		A00EEE641A2D8385008D9E6C /* Sources */ = {
			isa = PBXSourcesBuildPhase;
			buildActionMask = 2147483647;
			files = (
				A00EEE6F1A2D8385008D9E6C /* RandomTests.m in Sources */,
			);
			runOnlyForDeploymentPostprocessing = 0;
		};
/* End PBXSourcesBuildPhase section */

/* Begin PBXTargetDependency section */
		A00EEE6A1A2D8385008D9E6C /* PBXTargetDependency */ = {
			isa = PBXTargetDependency;
			target = A00EEE541A2D8384008D9E6C /* Random */;
			targetProxy = A00EEE691A2D8385008D9E6C /* PBXContainerItemProxy */;
		};
/* End PBXTargetDependency section */

/* Begin PBXVariantGroup section */
		A00EEE611A2D8385008D9E6C /* MainMenu.xib */ = {
			isa = PBXVariantGroup;
			children = (
				A00EEE621A2D8385008D9E6C /* Base */,
			);
			name = MainMenu.xib;
			sourceTree = "<group>";
		};
/* End PBXVariantGroup section */

/* Begin XCBuildConfiguration section */
		A00EEE701A2D8385008D9E6C /* Debug */ = {
			isa = XCBuildConfiguration;
			buildSettings = {
				ALWAYS_SEARCH_USER_PATHS = NO;
				CLANG_CXX_LANGUAGE_STANDARD = "gnu++0x";
				CLANG_CXX_LIBRARY = "libc++";
				CLANG_ENABLE_MODULES = YES;
				CLANG_ENABLE_OBJC_ARC = YES;
				CLANG_WARN_BOOL_CONVERSION = YES;
				CLANG_WARN_CONSTANT_CONVERSION = YES;
				CLANG_WARN_DIRECT_OBJC_ISA_USAGE = YES_ERROR;
				CLANG_WARN_EMPTY_BODY = YES;
				CLANG_WARN_ENUM_CONVERSION = YES;
				CLANG_WARN_INT_CONVERSION = YES;
				CLANG_WARN_OBJC_ROOT_CLASS = YES_ERROR;
				CLANG_WARN_UNREACHABLE_CODE = YES;
				CLANG_WARN__DUPLICATE_METHOD_MATCH = YES;
				CODE_SIGN_IDENTITY = "-";
				COPY_PHASE_STRIP = NO;
				ENABLE_STRICT_OBJC_MSGSEND = YES;
				GCC_C_LANGUAGE_STANDARD = gnu99;
				GCC_DYNAMIC_NO_PIC = NO;
				GCC_OPTIMIZATION_LEVEL = 0;
				GCC_PREPROCESSOR_DEFINITIONS = (
					"DEBUG=1",
					"$(inherited)",
				);
				GCC_SYMBOLS_PRIVATE_EXTERN = NO;
				GCC_WARN_64_TO_32_BIT_CONVERSION = YES;
				GCC_WARN_ABOUT_RETURN_TYPE = YES_ERROR;
				GCC_WARN_UNDECLARED_SELECTOR = YES;
				GCC_WARN_UNINITIALIZED_AUTOS = YES_AGGRESSIVE;
				GCC_WARN_UNUSED_FUNCTION = YES;
				GCC_WARN_UNUSED_VARIABLE = YES;
				MACOSX_DEPLOYMENT_TARGET = 10.10;
				MTL_ENABLE_DEBUG_INFO = YES;
				ONLY_ACTIVE_ARCH = YES;
				SDKROOT = macosx;
			};
			name = Debug;
		};
		A00EEE711A2D8385008D9E6C /* Release */ = {
			isa = XCBuildConfiguration;
			buildSettings = {
				ALWAYS_SEARCH_USER_PATHS = NO;
				CLANG_CXX_LANGUAGE_STANDARD = "gnu++0x";
				CLANG_CXX_LIBRARY = "libc++";
				CLANG_ENABLE_MODULES = YES;
				CLANG_ENABLE_OBJC_ARC = YES;
				CLANG_WARN_BOOL_CONVERSION = YES;
				CLANG_WARN_CONSTANT_CONVERSION = YES;
				CLANG_WARN_DIRECT_OBJC_ISA_USAGE = YES_ERROR;
				CLANG_WARN_EMPTY_BODY = YES;
				CLANG_WARN_ENUM_CONVERSION = YES;
				CLANG_WARN_INT_CONVERSION = YES;
				CLANG_WARN_OBJC_ROOT_CLASS = YES_ERROR;
				CLANG_WARN_UNREACHABLE_CODE = YES;
				CLANG_WARN__DUPLICATE_METHOD_MATCH = YES;
				CODE_SIGN_IDENTITY = "-";
				COPY_PHASE_STRIP = YES;
				DEBUG_INFORMATION_FORMAT = "dwarf-with-dsym";
				ENABLE_NS_ASSERTIONS = NO;
				ENABLE_STRICT_OBJC_MSGSEND = YES;
				GCC_C_LANGUAGE_STANDARD = gnu99;
				GCC_WARN_64_TO_32_BIT_CONVERSION = YES;
				GCC_WARN_ABOUT_RETURN_TYPE = YES_ERROR;
				GCC_WARN_UNDECLARED_SELECTOR = YES;
				GCC_WARN_UNINITIALIZED_AUTOS = YES_AGGRESSIVE;
				GCC_WARN_UNUSED_FUNCTION = YES;
				GCC_WARN_UNUSED_VARIABLE = YES;
				MACOSX_DEPLOYMENT_TARGET = 10.10;
				MTL_ENABLE_DEBUG_INFO = NO;
				SDKROOT = macosx;
			};
			name = Release;
		};
		A00EEE731A2D8385008D9E6C /* Debug */ = {
			isa = XCBuildConfiguration;
			buildSettings = {
				ASSETCATALOG_COMPILER_APPICON_NAME = AppIcon;
				COMBINE_HIDPI_IMAGES = YES;
				INFOPLIST_FILE = Random/Info.plist;
				LD_RUNPATH_SEARCH_PATHS = "$(inherited) @executable_path/../Frameworks";
				PRODUCT_NAME = "$(TARGET_NAME)";
			};
			name = Debug;
		};
		A00EEE741A2D8385008D9E6C /* Release */ = {
			isa = XCBuildConfiguration;
			buildSettings = {
				ASSETCATALOG_COMPILER_APPICON_NAME = AppIcon;
				COMBINE_HIDPI_IMAGES = YES;
				INFOPLIST_FILE = Random/Info.plist;
				LD_RUNPATH_SEARCH_PATHS = "$(inherited) @executable_path/../Frameworks";
				PRODUCT_NAME = "$(TARGET_NAME)";
			};
			name = Release;
		};
		A00EEE761A2D8385008D9E6C /* Debug */ = {
			isa = XCBuildConfiguration;
			buildSettings = {
				BUNDLE_LOADER = "$(TEST_HOST)";
				COMBINE_HIDPI_IMAGES = YES;
				FRAMEWORK_SEARCH_PATHS = (
					"$(DEVELOPER_FRAMEWORKS_DIR)",
					"$(inherited)",
				);
				GCC_PREPROCESSOR_DEFINITIONS = (
					"DEBUG=1",
					"$(inherited)",
				);
				INFOPLIST_FILE = RandomTests/Info.plist;
				LD_RUNPATH_SEARCH_PATHS = "$(inherited) @executable_path/../Frameworks @loader_path/../Frameworks";
				PRODUCT_NAME = "$(TARGET_NAME)";
				TEST_HOST = "$(BUILT_PRODUCTS_DIR)/Random.app/Contents/MacOS/Random";
			};
			name = Debug;
		};
		A00EEE771A2D8385008D9E6C /* Release */ = {
			isa = XCBuildConfiguration;
			buildSettings = {
				BUNDLE_LOADER = "$(TEST_HOST)";
				COMBINE_HIDPI_IMAGES = YES;
				FRAMEWORK_SEARCH_PATHS = (
					"$(DEVELOPER_FRAMEWORKS_DIR)",
					"$(inherited)",
				);
				INFOPLIST_FILE = RandomTests/Info.plist;
				LD_RUNPATH_SEARCH_PATHS = "$(inherited) @executable_path/../Frameworks @loader_path/../Frameworks";
				PRODUCT_NAME = "$(TARGET_NAME)";
				TEST_HOST = "$(BUILT_PRODUCTS_DIR)/Random.app/Contents/MacOS/Random";
			};
			name = Release;
		};
/* End XCBuildConfiguration section */

/* Begin XCConfigurationList section */
		A00EEE501A2D8384008D9E6C /* Build configuration list for PBXProject "Random" */ = {
			isa = XCConfigurationList;
			buildConfigurations = (
				A00EEE701A2D8385008D9E6C /* Debug */,
				A00EEE711A2D8385008D9E6C /* Release */,
			);
			defaultConfigurationIsVisible = 0;
			defaultConfigurationName = Release;
		};
		A00EEE721A2D8385008D9E6C /* Build configuration list for PBXNativeTarget "Random" */ = {
			isa = XCConfigurationList;
			buildConfigurations = (
				A00EEE731A2D8385008D9E6C /* Debug */,
				A00EEE741A2D8385008D9E6C /* Release */,
			);
			defaultConfigurationIsVisible = 0;
			defaultConfigurationName = Release;
		};
		A00EEE751A2D8385008D9E6C /* Build configuration list for PBXNativeTarget "RandomTests" */ = {
			isa = XCConfigurationList;
			buildConfigurations = (
				A00EEE761A2D8385008D9E6C /* Debug */,
				A00EEE771A2D8385008D9E6C /* Release */,
			);
			defaultConfigurationIsVisible = 0;
			defaultConfigurationName = Release;
		};
/* End XCConfigurationList section */
	};
	rootObject = A00EEE4D1A2D8384008D9E6C /* Project object */;
}
