// !$*UTF8*$!
{
	archiveVersion = 1;
	classes = {
	};
	objectVersion = 46;
	objects = {

/* Begin PBXBuildFile section */
		A0339AFB19F97F9A007B2FE7 /* main.m in Sources */ = {isa = PBXBuildFile; fileRef = A0339AFA19F97F9A007B2FE7 /* main.m */; };
		A0339AFE19F97F9A007B2FE7 /* AppDelegate.m in Sources */ = {isa = PBXBuildFile; fileRef = A0339AFD19F97F9A007B2FE7 /* AppDelegate.m */; };
		A0339B0119F97F9A007B2FE7 /* ViewController.m in Sources */ = {isa = PBXBuildFile; fileRef = A0339B0019F97F9A007B2FE7 /* ViewController.m */; };
		A0339B0419F97F9A007B2FE7 /* Main.storyboard in Resources */ = {isa = PBXBuildFile; fileRef = A0339B0219F97F9A007B2FE7 /* Main.storyboard */; };
		A0339B0619F97F9A007B2FE7 /* Images.xcassets in Resources */ = {isa = PBXBuildFile; fileRef = A0339B0519F97F9A007B2FE7 /* Images.xcassets */; };
		A0339B0919F97F9A007B2FE7 /* LaunchScreen.xib in Resources */ = {isa = PBXBuildFile; fileRef = A0339B0719F97F9A007B2FE7 /* LaunchScreen.xib */; };
		A0339B1519F97F9B007B2FE7 /* GUITest2Tests.m in Sources */ = {isa = PBXBuildFile; fileRef = A0339B1419F97F9B007B2FE7 /* GUITest2Tests.m */; };
/* End PBXBuildFile section */

/* Begin PBXContainerItemProxy section */
		A0339B0F19F97F9B007B2FE7 /* PBXContainerItemProxy */ = {
			isa = PBXContainerItemProxy;
			containerPortal = A0339AED19F97F9A007B2FE7 /* Project object */;
			proxyType = 1;
			remoteGlobalIDString = A0339AF419F97F9A007B2FE7;
			remoteInfo = GUITest2;
		};
/* End PBXContainerItemProxy section */

/* Begin PBXFileReference section */
		A0339AF519F97F9A007B2FE7 /* GUITest2.app */ = {isa = PBXFileReference; explicitFileType = wrapper.application; includeInIndex = 0; path = GUITest2.app; sourceTree = BUILT_PRODUCTS_DIR; };
		A0339AF919F97F9A007B2FE7 /* Info.plist */ = {isa = PBXFileReference; lastKnownFileType = text.plist.xml; path = Info.plist; sourceTree = "<group>"; };
		A0339AFA19F97F9A007B2FE7 /* main.m */ = {isa = PBXFileReference; lastKnownFileType = sourcecode.c.objc; path = main.m; sourceTree = "<group>"; };
		A0339AFC19F97F9A007B2FE7 /* AppDelegate.h */ = {isa = PBXFileReference; lastKnownFileType = sourcecode.c.h; path = AppDelegate.h; sourceTree = "<group>"; };
		A0339AFD19F97F9A007B2FE7 /* AppDelegate.m */ = {isa = PBXFileReference; lastKnownFileType = sourcecode.c.objc; path = AppDelegate.m; sourceTree = "<group>"; };
		A0339AFF19F97F9A007B2FE7 /* ViewController.h */ = {isa = PBXFileReference; lastKnownFileType = sourcecode.c.h; path = ViewController.h; sourceTree = "<group>"; };
		A0339B0019F97F9A007B2FE7 /* ViewController.m */ = {isa = PBXFileReference; lastKnownFileType = sourcecode.c.objc; path = ViewController.m; sourceTree = "<group>"; };
		A0339B0319F97F9A007B2FE7 /* Base */ = {isa = PBXFileReference; lastKnownFileType = file.storyboard; name = Base; path = Base.lproj/Main.storyboard; sourceTree = "<group>"; };
		A0339B0519F97F9A007B2FE7 /* Images.xcassets */ = {isa = PBXFileReference; lastKnownFileType = folder.assetcatalog; path = Images.xcassets; sourceTree = "<group>"; };
		A0339B0819F97F9A007B2FE7 /* Base */ = {isa = PBXFileReference; lastKnownFileType = file.xib; name = Base; path = Base.lproj/LaunchScreen.xib; sourceTree = "<group>"; };
		A0339B0E19F97F9B007B2FE7 /* GUITest2Tests.xctest */ = {isa = PBXFileReference; explicitFileType = wrapper.cfbundle; includeInIndex = 0; path = GUITest2Tests.xctest; sourceTree = BUILT_PRODUCTS_DIR; };
		A0339B1319F97F9B007B2FE7 /* Info.plist */ = {isa = PBXFileReference; lastKnownFileType = text.plist.xml; path = Info.plist; sourceTree = "<group>"; };
		A0339B1419F97F9B007B2FE7 /* GUITest2Tests.m */ = {isa = PBXFileReference; lastKnownFileType = sourcecode.c.objc; path = GUITest2Tests.m; sourceTree = "<group>"; };
/* End PBXFileReference section */

/* Begin PBXFrameworksBuildPhase section */
		A0339AF219F97F9A007B2FE7 /* Frameworks */ = {
			isa = PBXFrameworksBuildPhase;
			buildActionMask = 2147483647;
			files = (
			);
			runOnlyForDeploymentPostprocessing = 0;
		};
		A0339B0B19F97F9B007B2FE7 /* Frameworks */ = {
			isa = PBXFrameworksBuildPhase;
			buildActionMask = 2147483647;
			files = (
			);
			runOnlyForDeploymentPostprocessing = 0;
		};
/* End PBXFrameworksBuildPhase section */

/* Begin PBXGroup section */
		A0339AEC19F97F9A007B2FE7 = {
			isa = PBXGroup;
			children = (
				A0339AF719F97F9A007B2FE7 /* GUITest2 */,
				A0339B1119F97F9B007B2FE7 /* GUITest2Tests */,
				A0339AF619F97F9A007B2FE7 /* Products */,
			);
			sourceTree = "<group>";
		};
		A0339AF619F97F9A007B2FE7 /* Products */ = {
			isa = PBXGroup;
			children = (
				A0339AF519F97F9A007B2FE7 /* GUITest2.app */,
				A0339B0E19F97F9B007B2FE7 /* GUITest2Tests.xctest */,
			);
			name = Products;
			sourceTree = "<group>";
		};
		A0339AF719F97F9A007B2FE7 /* GUITest2 */ = {
			isa = PBXGroup;
			children = (
				A0339AFC19F97F9A007B2FE7 /* AppDelegate.h */,
				A0339AFD19F97F9A007B2FE7 /* AppDelegate.m */,
				A0339AFF19F97F9A007B2FE7 /* ViewController.h */,
				A0339B0019F97F9A007B2FE7 /* ViewController.m */,
				A0339B0219F97F9A007B2FE7 /* Main.storyboard */,
				A0339B0519F97F9A007B2FE7 /* Images.xcassets */,
				A0339B0719F97F9A007B2FE7 /* LaunchScreen.xib */,
				A0339AF819F97F9A007B2FE7 /* Supporting Files */,
			);
			path = GUITest2;
			sourceTree = "<group>";
		};
		A0339AF819F97F9A007B2FE7 /* Supporting Files */ = {
			isa = PBXGroup;
			children = (
				A0339AF919F97F9A007B2FE7 /* Info.plist */,
				A0339AFA19F97F9A007B2FE7 /* main.m */,
			);
			name = "Supporting Files";
			sourceTree = "<group>";
		};
		A0339B1119F97F9B007B2FE7 /* GUITest2Tests */ = {
			isa = PBXGroup;
			children = (
				A0339B1419F97F9B007B2FE7 /* GUITest2Tests.m */,
				A0339B1219F97F9B007B2FE7 /* Supporting Files */,
			);
			path = GUITest2Tests;
			sourceTree = "<group>";
		};
		A0339B1219F97F9B007B2FE7 /* Supporting Files */ = {
			isa = PBXGroup;
			children = (
				A0339B1319F97F9B007B2FE7 /* Info.plist */,
			);
			name = "Supporting Files";
			sourceTree = "<group>";
		};
/* End PBXGroup section */

/* Begin PBXNativeTarget section */
		A0339AF419F97F9A007B2FE7 /* GUITest2 */ = {
			isa = PBXNativeTarget;
			buildConfigurationList = A0339B1819F97F9B007B2FE7 /* Build configuration list for PBXNativeTarget "GUITest2" */;
			buildPhases = (
				A0339AF119F97F9A007B2FE7 /* Sources */,
				A0339AF219F97F9A007B2FE7 /* Frameworks */,
				A0339AF319F97F9A007B2FE7 /* Resources */,
			);
			buildRules = (
			);
			dependencies = (
			);
			name = GUITest2;
			productName = GUITest2;
			productReference = A0339AF519F97F9A007B2FE7 /* GUITest2.app */;
			productType = "com.apple.product-type.application";
		};
		A0339B0D19F97F9B007B2FE7 /* GUITest2Tests */ = {
			isa = PBXNativeTarget;
			buildConfigurationList = A0339B1B19F97F9B007B2FE7 /* Build configuration list for PBXNativeTarget "GUITest2Tests" */;
			buildPhases = (
				A0339B0A19F97F9B007B2FE7 /* Sources */,
				A0339B0B19F97F9B007B2FE7 /* Frameworks */,
				A0339B0C19F97F9B007B2FE7 /* Resources */,
			);
			buildRules = (
			);
			dependencies = (
				A0339B1019F97F9B007B2FE7 /* PBXTargetDependency */,
			);
			name = GUITest2Tests;
			productName = GUITest2Tests;
			productReference = A0339B0E19F97F9B007B2FE7 /* GUITest2Tests.xctest */;
			productType = "com.apple.product-type.bundle.unit-test";
		};
/* End PBXNativeTarget section */

/* Begin PBXProject section */
		A0339AED19F97F9A007B2FE7 /* Project object */ = {
			isa = PBXProject;
			attributes = {
				LastUpgradeCheck = 0610;
				ORGANIZATIONNAME = TimShull;
				TargetAttributes = {
					A0339AF419F97F9A007B2FE7 = {
						CreatedOnToolsVersion = 6.1;
					};
					A0339B0D19F97F9B007B2FE7 = {
						CreatedOnToolsVersion = 6.1;
						TestTargetID = A0339AF419F97F9A007B2FE7;
					};
				};
			};
			buildConfigurationList = A0339AF019F97F9A007B2FE7 /* Build configuration list for PBXProject "GUITest2" */;
			compatibilityVersion = "Xcode 3.2";
			developmentRegion = English;
			hasScannedForEncodings = 0;
			knownRegions = (
				en,
				Base,
			);
			mainGroup = A0339AEC19F97F9A007B2FE7;
			productRefGroup = A0339AF619F97F9A007B2FE7 /* Products */;
			projectDirPath = "";
			projectRoot = "";
			targets = (
				A0339AF419F97F9A007B2FE7 /* GUITest2 */,
				A0339B0D19F97F9B007B2FE7 /* GUITest2Tests */,
			);
		};
/* End PBXProject section */

/* Begin PBXResourcesBuildPhase section */
		A0339AF319F97F9A007B2FE7 /* Resources */ = {
			isa = PBXResourcesBuildPhase;
			buildActionMask = 2147483647;
			files = (
				A0339B0419F97F9A007B2FE7 /* Main.storyboard in Resources */,
				A0339B0919F97F9A007B2FE7 /* LaunchScreen.xib in Resources */,
				A0339B0619F97F9A007B2FE7 /* Images.xcassets in Resources */,
			);
			runOnlyForDeploymentPostprocessing = 0;
		};
		A0339B0C19F97F9B007B2FE7 /* Resources */ = {
			isa = PBXResourcesBuildPhase;
			buildActionMask = 2147483647;
			files = (
			);
			runOnlyForDeploymentPostprocessing = 0;
		};
/* End PBXResourcesBuildPhase section */

/* Begin PBXSourcesBuildPhase section */
		A0339AF119F97F9A007B2FE7 /* Sources */ = {
			isa = PBXSourcesBuildPhase;
			buildActionMask = 2147483647;
			files = (
				A0339B0119F97F9A007B2FE7 /* ViewController.m in Sources */,
				A0339AFE19F97F9A007B2FE7 /* AppDelegate.m in Sources */,
				A0339AFB19F97F9A007B2FE7 /* main.m in Sources */,
			);
			runOnlyForDeploymentPostprocessing = 0;
		};
		A0339B0A19F97F9B007B2FE7 /* Sources */ = {
			isa = PBXSourcesBuildPhase;
			buildActionMask = 2147483647;
			files = (
				A0339B1519F97F9B007B2FE7 /* GUITest2Tests.m in Sources */,
			);
			runOnlyForDeploymentPostprocessing = 0;
		};
/* End PBXSourcesBuildPhase section */

/* Begin PBXTargetDependency section */
		A0339B1019F97F9B007B2FE7 /* PBXTargetDependency */ = {
			isa = PBXTargetDependency;
			target = A0339AF419F97F9A007B2FE7 /* GUITest2 */;
			targetProxy = A0339B0F19F97F9B007B2FE7 /* PBXContainerItemProxy */;
		};
/* End PBXTargetDependency section */

/* Begin PBXVariantGroup section */
		A0339B0219F97F9A007B2FE7 /* Main.storyboard */ = {
			isa = PBXVariantGroup;
			children = (
				A0339B0319F97F9A007B2FE7 /* Base */,
			);
			name = Main.storyboard;
			sourceTree = "<group>";
		};
		A0339B0719F97F9A007B2FE7 /* LaunchScreen.xib */ = {
			isa = PBXVariantGroup;
			children = (
				A0339B0819F97F9A007B2FE7 /* Base */,
			);
			name = LaunchScreen.xib;
			sourceTree = "<group>";
		};
/* End PBXVariantGroup section */

/* Begin XCBuildConfiguration section */
		A0339B1619F97F9B007B2FE7 /* Debug */ = {
			isa = XCBuildConfiguration;
			buildSettings = {
				ALWAYS_SEARCH_USER_PATHS = NO;
				CLANG_CXX_LANGUAGE_STANDARD = "gnu++0x";
				CLANG_CXX_LIBRARY = "libc++";
				CLANG_ENABLE_MODULES = YES;
				CLANG_ENABLE_OBJC_ARC = YES;
				CLANG_WARN_BOOL_CONVERSION = YES;
				CLANG_WARN_CONSTANT_CONVERSION = YES;
				CLANG_WARN_DIRECT_OBJC_ISA_USAGE = YES_ERROR;
				CLANG_WARN_EMPTY_BODY = YES;
				CLANG_WARN_ENUM_CONVERSION = YES;
				CLANG_WARN_INT_CONVERSION = YES;
				CLANG_WARN_OBJC_ROOT_CLASS = YES_ERROR;
				CLANG_WARN_UNREACHABLE_CODE = YES;
				CLANG_WARN__DUPLICATE_METHOD_MATCH = YES;
				"CODE_SIGN_IDENTITY[sdk=iphoneos*]" = "iPhone Developer";
				COPY_PHASE_STRIP = NO;
				ENABLE_STRICT_OBJC_MSGSEND = YES;
				GCC_C_LANGUAGE_STANDARD = gnu99;
				GCC_DYNAMIC_NO_PIC = NO;
				GCC_OPTIMIZATION_LEVEL = 0;
				GCC_PREPROCESSOR_DEFINITIONS = (
					"DEBUG=1",
					"$(inherited)",
				);
				GCC_SYMBOLS_PRIVATE_EXTERN = NO;
				GCC_WARN_64_TO_32_BIT_CONVERSION = YES;
				GCC_WARN_ABOUT_RETURN_TYPE = YES_ERROR;
				GCC_WARN_UNDECLARED_SELECTOR = YES;
				GCC_WARN_UNINITIALIZED_AUTOS = YES_AGGRESSIVE;
				GCC_WARN_UNUSED_FUNCTION = YES;
				GCC_WARN_UNUSED_VARIABLE = YES;
				IPHONEOS_DEPLOYMENT_TARGET = 8.1;
				MTL_ENABLE_DEBUG_INFO = YES;
				ONLY_ACTIVE_ARCH = YES;
				SDKROOT = iphoneos;
			};
			name = Debug;
		};
		A0339B1719F97F9B007B2FE7 /* Release */ = {
			isa = XCBuildConfiguration;
			buildSettings = {
				ALWAYS_SEARCH_USER_PATHS = NO;
				CLANG_CXX_LANGUAGE_STANDARD = "gnu++0x";
				CLANG_CXX_LIBRARY = "libc++";
				CLANG_ENABLE_MODULES = YES;
				CLANG_ENABLE_OBJC_ARC = YES;
				CLANG_WARN_BOOL_CONVERSION = YES;
				CLANG_WARN_CONSTANT_CONVERSION = YES;
				CLANG_WARN_DIRECT_OBJC_ISA_USAGE = YES_ERROR;
				CLANG_WARN_EMPTY_BODY = YES;
				CLANG_WARN_ENUM_CONVERSION = YES;
				CLANG_WARN_INT_CONVERSION = YES;
				CLANG_WARN_OBJC_ROOT_CLASS = YES_ERROR;
				CLANG_WARN_UNREACHABLE_CODE = YES;
				CLANG_WARN__DUPLICATE_METHOD_MATCH = YES;
				"CODE_SIGN_IDENTITY[sdk=iphoneos*]" = "iPhone Developer";
				COPY_PHASE_STRIP = YES;
				ENABLE_NS_ASSERTIONS = NO;
				ENABLE_STRICT_OBJC_MSGSEND = YES;
				GCC_C_LANGUAGE_STANDARD = gnu99;
				GCC_WARN_64_TO_32_BIT_CONVERSION = YES;
				GCC_WARN_ABOUT_RETURN_TYPE = YES_ERROR;
				GCC_WARN_UNDECLARED_SELECTOR = YES;
				GCC_WARN_UNINITIALIZED_AUTOS = YES_AGGRESSIVE;
				GCC_WARN_UNUSED_FUNCTION = YES;
				GCC_WARN_UNUSED_VARIABLE = YES;
				IPHONEOS_DEPLOYMENT_TARGET = 8.1;
				MTL_ENABLE_DEBUG_INFO = NO;
				SDKROOT = iphoneos;
				VALIDATE_PRODUCT = YES;
			};
			name = Release;
		};
		A0339B1919F97F9B007B2FE7 /* Debug */ = {
			isa = XCBuildConfiguration;
			buildSettings = {
				ASSETCATALOG_COMPILER_APPICON_NAME = AppIcon;
				INFOPLIST_FILE = GUITest2/Info.plist;
				LD_RUNPATH_SEARCH_PATHS = "$(inherited) @executable_path/Frameworks";
				PRODUCT_NAME = "$(TARGET_NAME)";
			};
			name = Debug;
		};
		A0339B1A19F97F9B007B2FE7 /* Release */ = {
			isa = XCBuildConfiguration;
			buildSettings = {
				ASSETCATALOG_COMPILER_APPICON_NAME = AppIcon;
				INFOPLIST_FILE = GUITest2/Info.plist;
				LD_RUNPATH_SEARCH_PATHS = "$(inherited) @executable_path/Frameworks";
				PRODUCT_NAME = "$(TARGET_NAME)";
			};
			name = Release;
		};
		A0339B1C19F97F9B007B2FE7 /* Debug */ = {
			isa = XCBuildConfiguration;
			buildSettings = {
				BUNDLE_LOADER = "$(TEST_HOST)";
				FRAMEWORK_SEARCH_PATHS = (
					"$(SDKROOT)/Developer/Library/Frameworks",
					"$(inherited)",
				);
				GCC_PREPROCESSOR_DEFINITIONS = (
					"DEBUG=1",
					"$(inherited)",
				);
				INFOPLIST_FILE = GUITest2Tests/Info.plist;
				LD_RUNPATH_SEARCH_PATHS = "$(inherited) @executable_path/Frameworks @loader_path/Frameworks";
				PRODUCT_NAME = "$(TARGET_NAME)";
				TEST_HOST = "$(BUILT_PRODUCTS_DIR)/GUITest2.app/GUITest2";
			};
			name = Debug;
		};
		A0339B1D19F97F9B007B2FE7 /* Release */ = {
			isa = XCBuildConfiguration;
			buildSettings = {
				BUNDLE_LOADER = "$(TEST_HOST)";
				FRAMEWORK_SEARCH_PATHS = (
					"$(SDKROOT)/Developer/Library/Frameworks",
					"$(inherited)",
				);
				INFOPLIST_FILE = GUITest2Tests/Info.plist;
				LD_RUNPATH_SEARCH_PATHS = "$(inherited) @executable_path/Frameworks @loader_path/Frameworks";
				PRODUCT_NAME = "$(TARGET_NAME)";
				TEST_HOST = "$(BUILT_PRODUCTS_DIR)/GUITest2.app/GUITest2";
			};
			name = Release;
		};
/* End XCBuildConfiguration section */

/* Begin XCConfigurationList section */
		A0339AF019F97F9A007B2FE7 /* Build configuration list for PBXProject "GUITest2" */ = {
			isa = XCConfigurationList;
			buildConfigurations = (
				A0339B1619F97F9B007B2FE7 /* Debug */,
				A0339B1719F97F9B007B2FE7 /* Release */,
			);
			defaultConfigurationIsVisible = 0;
			defaultConfigurationName = Release;
		};
		A0339B1819F97F9B007B2FE7 /* Build configuration list for PBXNativeTarget "GUITest2" */ = {
			isa = XCConfigurationList;
			buildConfigurations = (
				A0339B1919F97F9B007B2FE7 /* Debug */,
				A0339B1A19F97F9B007B2FE7 /* Release */,
			);
			defaultConfigurationIsVisible = 0;
		};
		A0339B1B19F97F9B007B2FE7 /* Build configuration list for PBXNativeTarget "GUITest2Tests" */ = {
			isa = XCConfigurationList;
			buildConfigurations = (
				A0339B1C19F97F9B007B2FE7 /* Debug */,
				A0339B1D19F97F9B007B2FE7 /* Release */,
			);
			defaultConfigurationIsVisible = 0;
		};
/* End XCConfigurationList section */
	};
	rootObject = A0339AED19F97F9A007B2FE7 /* Project object */;
}
