// !$*UTF8*$!
{
	archiveVersion = 1;
	classes = {
	};
	objectVersion = 46;
	objects = {

/* Begin PBXBuildFile section */
		A07AB9151A1853760056731C /* main.cpp in Sources */ = {isa = PBXBuildFile; fileRef = A07AB9141A1853760056731C /* main.cpp */; };
/* End PBXBuildFile section */

/* Begin PBXCopyFilesBuildPhase section */
		A07AB90F1A1853760056731C /* CopyFiles */ = {
			isa = PBXCopyFilesBuildPhase;
			buildActionMask = 2147483647;
			dstPath = /usr/share/man/man1/;
			dstSubfolderSpec = 0;
			files = (
			);
			runOnlyForDeploymentPostprocessing = 1;
		};
/* End PBXCopyFilesBuildPhase section */

/* Begin PBXFileReference section */
		A07AB9111A1853760056731C /* ImageClassDesign */ = {isa = PBXFileReference; explicitFileType = "compiled.mach-o.executable"; includeInIndex = 0; path = ImageClassDesign; sourceTree = BUILT_PRODUCTS_DIR; };
		A07AB9141A1853760056731C /* main.cpp */ = {isa = PBXFileReference; lastKnownFileType = sourcecode.cpp.cpp; path = main.cpp; sourceTree = "<group>"; };
		A07AB91B1A1853C90056731C /* image.h */ = {isa = PBXFileReference; lastKnownFileType = sourcecode.c.h; path = image.h; sourceTree = "<group>"; };
/* End PBXFileReference section */

/* Begin PBXFrameworksBuildPhase section */
		A07AB90E1A1853760056731C /* Frameworks */ = {
			isa = PBXFrameworksBuildPhase;
			buildActionMask = 2147483647;
			files = (
			);
			runOnlyForDeploymentPostprocessing = 0;
		};
/* End PBXFrameworksBuildPhase section */

/* Begin PBXGroup section */
		A07AB9081A1853760056731C = {
			isa = PBXGroup;
			children = (
				A07AB9131A1853760056731C /* ImageClassDesign */,
				A07AB9121A1853760056731C /* Products */,
			);
			sourceTree = "<group>";
		};
		A07AB9121A1853760056731C /* Products */ = {
			isa = PBXGroup;
			children = (
				A07AB9111A1853760056731C /* ImageClassDesign */,
			);
			name = Products;
			sourceTree = "<group>";
		};
		A07AB9131A1853760056731C /* ImageClassDesign */ = {
			isa = PBXGroup;
			children = (
				A07AB9141A1853760056731C /* main.cpp */,
				A07AB91B1A1853C90056731C /* image.h */,
			);
			path = ImageClassDesign;
			sourceTree = "<group>";
		};
/* End PBXGroup section */

/* Begin PBXNativeTarget section */
		A07AB9101A1853760056731C /* ImageClassDesign */ = {
			isa = PBXNativeTarget;
			buildConfigurationList = A07AB9181A1853760056731C /* Build configuration list for PBXNativeTarget "ImageClassDesign" */;
			buildPhases = (
				A07AB90D1A1853760056731C /* Sources */,
				A07AB90E1A1853760056731C /* Frameworks */,
				A07AB90F1A1853760056731C /* CopyFiles */,
			);
			buildRules = (
			);
			dependencies = (
			);
			name = ImageClassDesign;
			productName = ImageClassDesign;
			productReference = A07AB9111A1853760056731C /* ImageClassDesign */;
			productType = "com.apple.product-type.tool";
		};
/* End PBXNativeTarget section */

/* Begin PBXProject section */
		A07AB9091A1853760056731C /* Project object */ = {
			isa = PBXProject;
			attributes = {
				LastUpgradeCheck = 0610;
				ORGANIZATIONNAME = TimShull;
				TargetAttributes = {
					A07AB9101A1853760056731C = {
						CreatedOnToolsVersion = 6.1;
					};
				};
			};
			buildConfigurationList = A07AB90C1A1853760056731C /* Build configuration list for PBXProject "ImageClassDesign" */;
			compatibilityVersion = "Xcode 3.2";
			developmentRegion = English;
			hasScannedForEncodings = 0;
			knownRegions = (
				en,
			);
			mainGroup = A07AB9081A1853760056731C;
			productRefGroup = A07AB9121A1853760056731C /* Products */;
			projectDirPath = "";
			projectRoot = "";
			targets = (
				A07AB9101A1853760056731C /* ImageClassDesign */,
			);
		};
/* End PBXProject section */

/* Begin PBXSourcesBuildPhase section */
		A07AB90D1A1853760056731C /* Sources */ = {
			isa = PBXSourcesBuildPhase;
			buildActionMask = 2147483647;
			files = (
				A07AB9151A1853760056731C /* main.cpp in Sources */,
			);
			runOnlyForDeploymentPostprocessing = 0;
		};
/* End PBXSourcesBuildPhase section */

/* Begin XCBuildConfiguration section */
		A07AB9161A1853760056731C /* Debug */ = {
			isa = XCBuildConfiguration;
			buildSettings = {
				ALWAYS_SEARCH_USER_PATHS = NO;
				CLANG_CXX_LANGUAGE_STANDARD = "gnu++0x";
				CLANG_CXX_LIBRARY = "libc++";
				CLANG_ENABLE_MODULES = YES;
				CLANG_ENABLE_OBJC_ARC = YES;
				CLANG_WARN_BOOL_CONVERSION = YES;
				CLANG_WARN_CONSTANT_CONVERSION = YES;
				CLANG_WARN_DIRECT_OBJC_ISA_USAGE = YES_ERROR;
				CLANG_WARN_EMPTY_BODY = YES;
				CLANG_WARN_ENUM_CONVERSION = YES;
				CLANG_WARN_INT_CONVERSION = YES;
				CLANG_WARN_OBJC_ROOT_CLASS = YES_ERROR;
				CLANG_WARN_UNREACHABLE_CODE = YES;
				CLANG_WARN__DUPLICATE_METHOD_MATCH = YES;
				COPY_PHASE_STRIP = NO;
				ENABLE_STRICT_OBJC_MSGSEND = YES;
				GCC_C_LANGUAGE_STANDARD = gnu99;
				GCC_DYNAMIC_NO_PIC = NO;
				GCC_OPTIMIZATION_LEVEL = 0;
				GCC_PREPROCESSOR_DEFINITIONS = (
					"DEBUG=1",
					"$(inherited)",
				);
				GCC_SYMBOLS_PRIVATE_EXTERN = NO;
				GCC_WARN_64_TO_32_BIT_CONVERSION = YES;
				GCC_WARN_ABOUT_RETURN_TYPE = YES_ERROR;
				GCC_WARN_UNDECLARED_SELECTOR = YES;
				GCC_WARN_UNINITIALIZED_AUTOS = YES_AGGRESSIVE;
				GCC_WARN_UNUSED_FUNCTION = YES;
				GCC_WARN_UNUSED_VARIABLE = YES;
				MACOSX_DEPLOYMENT_TARGET = 10.10;
				MTL_ENABLE_DEBUG_INFO = YES;
				ONLY_ACTIVE_ARCH = YES;
				SDKROOT = macosx;
			};
			name = Debug;
		};
		A07AB9171A1853760056731C /* Release */ = {
			isa = XCBuildConfiguration;
			buildSettings = {
				ALWAYS_SEARCH_USER_PATHS = NO;
				CLANG_CXX_LANGUAGE_STANDARD = "gnu++0x";
				CLANG_CXX_LIBRARY = "libc++";
				CLANG_ENABLE_MODULES = YES;
				CLANG_ENABLE_OBJC_ARC = YES;
				CLANG_WARN_BOOL_CONVERSION = YES;
				CLANG_WARN_CONSTANT_CONVERSION = YES;
				CLANG_WARN_DIRECT_OBJC_ISA_USAGE = YES_ERROR;
				CLANG_WARN_EMPTY_BODY = YES;
				CLANG_WARN_ENUM_CONVERSION = YES;
				CLANG_WARN_INT_CONVERSION = YES;
				CLANG_WARN_OBJC_ROOT_CLASS = YES_ERROR;
				CLANG_WARN_UNREACHABLE_CODE = YES;
				CLANG_WARN__DUPLICATE_METHOD_MATCH = YES;
				COPY_PHASE_STRIP = YES;
				DEBUG_INFORMATION_FORMAT = "dwarf-with-dsym";
				ENABLE_NS_ASSERTIONS = NO;
				ENABLE_STRICT_OBJC_MSGSEND = YES;
				GCC_C_LANGUAGE_STANDARD = gnu99;
				GCC_WARN_64_TO_32_BIT_CONVERSION = YES;
				GCC_WARN_ABOUT_RETURN_TYPE = YES_ERROR;
				GCC_WARN_UNDECLARED_SELECTOR = YES;
				GCC_WARN_UNINITIALIZED_AUTOS = YES_AGGRESSIVE;
				GCC_WARN_UNUSED_FUNCTION = YES;
				GCC_WARN_UNUSED_VARIABLE = YES;
				MACOSX_DEPLOYMENT_TARGET = 10.10;
				MTL_ENABLE_DEBUG_INFO = NO;
				SDKROOT = macosx;
			};
			name = Release;
		};
		A07AB9191A1853760056731C /* Debug */ = {
			isa = XCBuildConfiguration;
			buildSettings = {
				CLANG_CXX_LANGUAGE_STANDARD = "c++0x";
				PRODUCT_NAME = "$(TARGET_NAME)";
			};
			name = Debug;
		};
		A07AB91A1A1853760056731C /* Release */ = {
			isa = XCBuildConfiguration;
			buildSettings = {
				CLANG_CXX_LANGUAGE_STANDARD = "c++0x";
				PRODUCT_NAME = "$(TARGET_NAME)";
			};
			name = Release;
		};
/* End XCBuildConfiguration section */

/* Begin XCConfigurationList section */
		A07AB90C1A1853760056731C /* Build configuration list for PBXProject "ImageClassDesign" */ = {
			isa = XCConfigurationList;
			buildConfigurations = (
				A07AB9161A1853760056731C /* Debug */,
				A07AB9171A1853760056731C /* Release */,
			);
			defaultConfigurationIsVisible = 0;
			defaultConfigurationName = Release;
		};
		A07AB9181A1853760056731C /* Build configuration list for PBXNativeTarget "ImageClassDesign" */ = {
			isa = XCConfigurationList;
			buildConfigurations = (
				A07AB9191A1853760056731C /* Debug */,
				A07AB91A1A1853760056731C /* Release */,
			);
			defaultConfigurationIsVisible = 0;
		};
/* End XCConfigurationList section */
	};
	rootObject = A07AB9091A1853760056731C /* Project object */;
}
