// !$*UTF8*$!
{
	archiveVersion = 1;
	classes = {
	};
	objectVersion = 46;
	objects = {

/* Begin PBXBuildFile section */
		A06B570A1A40FE85004FDAE6 /* AppDelegate.m in Sources */ = {isa = PBXBuildFile; fileRef = A06B57091A40FE85004FDAE6 /* AppDelegate.m */; };
		A06B570C1A40FE85004FDAE6 /* main.m in Sources */ = {isa = PBXBuildFile; fileRef = A06B570B1A40FE85004FDAE6 /* main.m */; };
		A06B570E1A40FE85004FDAE6 /* Images.xcassets in Resources */ = {isa = PBXBuildFile; fileRef = A06B570D1A40FE85004FDAE6 /* Images.xcassets */; };
		A06B57111A40FE85004FDAE6 /* MainMenu.xib in Resources */ = {isa = PBXBuildFile; fileRef = A06B570F1A40FE85004FDAE6 /* MainMenu.xib */; };
		A06B571D1A40FE85004FDAE6 /* GUITests.m in Sources */ = {isa = PBXBuildFile; fileRef = A06B571C1A40FE85004FDAE6 /* GUITests.m */; };
/* End PBXBuildFile section */

/* Begin PBXContainerItemProxy section */
		A06B57171A40FE85004FDAE6 /* PBXContainerItemProxy */ = {
			isa = PBXContainerItemProxy;
			containerPortal = A06B56FB1A40FE85004FDAE6 /* Project object */;
			proxyType = 1;
			remoteGlobalIDString = A06B57021A40FE85004FDAE6;
			remoteInfo = GUI;
		};
/* End PBXContainerItemProxy section */

/* Begin PBXFileReference section */
		A06B57031A40FE85004FDAE6 /* GUI.app */ = {isa = PBXFileReference; explicitFileType = wrapper.application; includeInIndex = 0; path = GUI.app; sourceTree = BUILT_PRODUCTS_DIR; };
		A06B57071A40FE85004FDAE6 /* Info.plist */ = {isa = PBXFileReference; lastKnownFileType = text.plist.xml; path = Info.plist; sourceTree = "<group>"; };
		A06B57081A40FE85004FDAE6 /* AppDelegate.h */ = {isa = PBXFileReference; lastKnownFileType = sourcecode.c.h; path = AppDelegate.h; sourceTree = "<group>"; };
		A06B57091A40FE85004FDAE6 /* AppDelegate.m */ = {isa = PBXFileReference; lastKnownFileType = sourcecode.c.objc; path = AppDelegate.m; sourceTree = "<group>"; };
		A06B570B1A40FE85004FDAE6 /* main.m */ = {isa = PBXFileReference; lastKnownFileType = sourcecode.c.objc; path = main.m; sourceTree = "<group>"; };
		A06B570D1A40FE85004FDAE6 /* Images.xcassets */ = {isa = PBXFileReference; lastKnownFileType = folder.assetcatalog; path = Images.xcassets; sourceTree = "<group>"; };
		A06B57101A40FE85004FDAE6 /* Base */ = {isa = PBXFileReference; lastKnownFileType = file.xib; name = Base; path = Base.lproj/MainMenu.xib; sourceTree = "<group>"; };
		A06B57161A40FE85004FDAE6 /* GUITests.xctest */ = {isa = PBXFileReference; explicitFileType = wrapper.cfbundle; includeInIndex = 0; path = GUITests.xctest; sourceTree = BUILT_PRODUCTS_DIR; };
		A06B571B1A40FE85004FDAE6 /* Info.plist */ = {isa = PBXFileReference; lastKnownFileType = text.plist.xml; path = Info.plist; sourceTree = "<group>"; };
		A06B571C1A40FE85004FDAE6 /* GUITests.m */ = {isa = PBXFileReference; lastKnownFileType = sourcecode.c.objc; path = GUITests.m; sourceTree = "<group>"; };
/* End PBXFileReference section */

/* Begin PBXFrameworksBuildPhase section */
		A06B57001A40FE85004FDAE6 /* Frameworks */ = {
			isa = PBXFrameworksBuildPhase;
			buildActionMask = 2147483647;
			files = (
			);
			runOnlyForDeploymentPostprocessing = 0;
		};
		A06B57131A40FE85004FDAE6 /* Frameworks */ = {
			isa = PBXFrameworksBuildPhase;
			buildActionMask = 2147483647;
			files = (
			);
			runOnlyForDeploymentPostprocessing = 0;
		};
/* End PBXFrameworksBuildPhase section */

/* Begin PBXGroup section */
		A06B56FA1A40FE85004FDAE6 = {
			isa = PBXGroup;
			children = (
				A06B57051A40FE85004FDAE6 /* GUI */,
				A06B57191A40FE85004FDAE6 /* GUITests */,
				A06B57041A40FE85004FDAE6 /* Products */,
			);
			sourceTree = "<group>";
		};
		A06B57041A40FE85004FDAE6 /* Products */ = {
			isa = PBXGroup;
			children = (
				A06B57031A40FE85004FDAE6 /* GUI.app */,
				A06B57161A40FE85004FDAE6 /* GUITests.xctest */,
			);
			name = Products;
			sourceTree = "<group>";
		};
		A06B57051A40FE85004FDAE6 /* GUI */ = {
			isa = PBXGroup;
			children = (
				A06B57081A40FE85004FDAE6 /* AppDelegate.h */,
				A06B57091A40FE85004FDAE6 /* AppDelegate.m */,
				A06B570D1A40FE85004FDAE6 /* Images.xcassets */,
				A06B570F1A40FE85004FDAE6 /* MainMenu.xib */,
				A06B57061A40FE85004FDAE6 /* Supporting Files */,
			);
			path = GUI;
			sourceTree = "<group>";
		};
		A06B57061A40FE85004FDAE6 /* Supporting Files */ = {
			isa = PBXGroup;
			children = (
				A06B57071A40FE85004FDAE6 /* Info.plist */,
				A06B570B1A40FE85004FDAE6 /* main.m */,
			);
			name = "Supporting Files";
			sourceTree = "<group>";
		};
		A06B57191A40FE85004FDAE6 /* GUITests */ = {
			isa = PBXGroup;
			children = (
				A06B571C1A40FE85004FDAE6 /* GUITests.m */,
				A06B571A1A40FE85004FDAE6 /* Supporting Files */,
			);
			path = GUITests;
			sourceTree = "<group>";
		};
		A06B571A1A40FE85004FDAE6 /* Supporting Files */ = {
			isa = PBXGroup;
			children = (
				A06B571B1A40FE85004FDAE6 /* Info.plist */,
			);
			name = "Supporting Files";
			sourceTree = "<group>";
		};
/* End PBXGroup section */

/* Begin PBXNativeTarget section */
		A06B57021A40FE85004FDAE6 /* GUI */ = {
			isa = PBXNativeTarget;
			buildConfigurationList = A06B57201A40FE85004FDAE6 /* Build configuration list for PBXNativeTarget "GUI" */;
			buildPhases = (
				A06B56FF1A40FE85004FDAE6 /* Sources */,
				A06B57001A40FE85004FDAE6 /* Frameworks */,
				A06B57011A40FE85004FDAE6 /* Resources */,
			);
			buildRules = (
			);
			dependencies = (
			);
			name = GUI;
			productName = GUI;
			productReference = A06B57031A40FE85004FDAE6 /* GUI.app */;
			productType = "com.apple.product-type.application";
		};
		A06B57151A40FE85004FDAE6 /* GUITests */ = {
			isa = PBXNativeTarget;
			buildConfigurationList = A06B57231A40FE85004FDAE6 /* Build configuration list for PBXNativeTarget "GUITests" */;
			buildPhases = (
				A06B57121A40FE85004FDAE6 /* Sources */,
				A06B57131A40FE85004FDAE6 /* Frameworks */,
				A06B57141A40FE85004FDAE6 /* Resources */,
			);
			buildRules = (
			);
			dependencies = (
				A06B57181A40FE85004FDAE6 /* PBXTargetDependency */,
			);
			name = GUITests;
			productName = GUITests;
			productReference = A06B57161A40FE85004FDAE6 /* GUITests.xctest */;
			productType = "com.apple.product-type.bundle.unit-test";
		};
/* End PBXNativeTarget section */

/* Begin PBXProject section */
		A06B56FB1A40FE85004FDAE6 /* Project object */ = {
			isa = PBXProject;
			attributes = {
				LastUpgradeCheck = 0610;
				ORGANIZATIONNAME = Tim;
				TargetAttributes = {
					A06B57021A40FE85004FDAE6 = {
						CreatedOnToolsVersion = 6.1.1;
					};
					A06B57151A40FE85004FDAE6 = {
						CreatedOnToolsVersion = 6.1.1;
						TestTargetID = A06B57021A40FE85004FDAE6;
					};
				};
			};
			buildConfigurationList = A06B56FE1A40FE85004FDAE6 /* Build configuration list for PBXProject "GUI" */;
			compatibilityVersion = "Xcode 3.2";
			developmentRegion = English;
			hasScannedForEncodings = 0;
			knownRegions = (
				en,
				Base,
			);
			mainGroup = A06B56FA1A40FE85004FDAE6;
			productRefGroup = A06B57041A40FE85004FDAE6 /* Products */;
			projectDirPath = "";
			projectRoot = "";
			targets = (
				A06B57021A40FE85004FDAE6 /* GUI */,
				A06B57151A40FE85004FDAE6 /* GUITests */,
			);
		};
/* End PBXProject section */

/* Begin PBXResourcesBuildPhase section */
		A06B57011A40FE85004FDAE6 /* Resources */ = {
			isa = PBXResourcesBuildPhase;
			buildActionMask = 2147483647;
			files = (
				A06B570E1A40FE85004FDAE6 /* Images.xcassets in Resources */,
				A06B57111A40FE85004FDAE6 /* MainMenu.xib in Resources */,
			);
			runOnlyForDeploymentPostprocessing = 0;
		};
		A06B57141A40FE85004FDAE6 /* Resources */ = {
			isa = PBXResourcesBuildPhase;
			buildActionMask = 2147483647;
			files = (
			);
			runOnlyForDeploymentPostprocessing = 0;
		};
/* End PBXResourcesBuildPhase section */

/* Begin PBXSourcesBuildPhase section */
		A06B56FF1A40FE85004FDAE6 /* Sources */ = {
			isa = PBXSourcesBuildPhase;
			buildActionMask = 2147483647;
			files = (
				A06B570C1A40FE85004FDAE6 /* main.m in Sources */,
				A06B570A1A40FE85004FDAE6 /* AppDelegate.m in Sources */,
			);
			runOnlyForDeploymentPostprocessing = 0;
		};
		A06B57121A40FE85004FDAE6 /* Sources */ = {
			isa = PBXSourcesBuildPhase;
			buildActionMask = 2147483647;
			files = (
				A06B571D1A40FE85004FDAE6 /* GUITests.m in Sources */,
			);
			runOnlyForDeploymentPostprocessing = 0;
		};
/* End PBXSourcesBuildPhase section */

/* Begin PBXTargetDependency section */
		A06B57181A40FE85004FDAE6 /* PBXTargetDependency */ = {
			isa = PBXTargetDependency;
			target = A06B57021A40FE85004FDAE6 /* GUI */;
			targetProxy = A06B57171A40FE85004FDAE6 /* PBXContainerItemProxy */;
		};
/* End PBXTargetDependency section */

/* Begin PBXVariantGroup section */
		A06B570F1A40FE85004FDAE6 /* MainMenu.xib */ = {
			isa = PBXVariantGroup;
			children = (
				A06B57101A40FE85004FDAE6 /* Base */,
			);
			name = MainMenu.xib;
			sourceTree = "<group>";
		};
/* End PBXVariantGroup section */

/* Begin XCBuildConfiguration section */
		A06B571E1A40FE85004FDAE6 /* Debug */ = {
			isa = XCBuildConfiguration;
			buildSettings = {
				ALWAYS_SEARCH_USER_PATHS = NO;
				CLANG_CXX_LANGUAGE_STANDARD = "gnu++0x";
				CLANG_CXX_LIBRARY = "libc++";
				CLANG_ENABLE_MODULES = YES;
				CLANG_ENABLE_OBJC_ARC = YES;
				CLANG_WARN_BOOL_CONVERSION = YES;
				CLANG_WARN_CONSTANT_CONVERSION = YES;
				CLANG_WARN_DIRECT_OBJC_ISA_USAGE = YES_ERROR;
				CLANG_WARN_EMPTY_BODY = YES;
				CLANG_WARN_ENUM_CONVERSION = YES;
				CLANG_WARN_INT_CONVERSION = YES;
				CLANG_WARN_OBJC_ROOT_CLASS = YES_ERROR;
				CLANG_WARN_UNREACHABLE_CODE = YES;
				CLANG_WARN__DUPLICATE_METHOD_MATCH = YES;
				CODE_SIGN_IDENTITY = "-";
				COPY_PHASE_STRIP = NO;
				ENABLE_STRICT_OBJC_MSGSEND = YES;
				GCC_C_LANGUAGE_STANDARD = gnu99;
				GCC_DYNAMIC_NO_PIC = NO;
				GCC_OPTIMIZATION_LEVEL = 0;
				GCC_PREPROCESSOR_DEFINITIONS = (
					"DEBUG=1",
					"$(inherited)",
				);
				GCC_SYMBOLS_PRIVATE_EXTERN = NO;
				GCC_WARN_64_TO_32_BIT_CONVERSION = YES;
				GCC_WARN_ABOUT_RETURN_TYPE = YES_ERROR;
				GCC_WARN_UNDECLARED_SELECTOR = YES;
				GCC_WARN_UNINITIALIZED_AUTOS = YES_AGGRESSIVE;
				GCC_WARN_UNUSED_FUNCTION = YES;
				GCC_WARN_UNUSED_VARIABLE = YES;
				MACOSX_DEPLOYMENT_TARGET = 10.10;
				MTL_ENABLE_DEBUG_INFO = YES;
				ONLY_ACTIVE_ARCH = YES;
				SDKROOT = macosx;
			};
			name = Debug;
		};
		A06B571F1A40FE85004FDAE6 /* Release */ = {
			isa = XCBuildConfiguration;
			buildSettings = {
				ALWAYS_SEARCH_USER_PATHS = NO;
				CLANG_CXX_LANGUAGE_STANDARD = "gnu++0x";
				CLANG_CXX_LIBRARY = "libc++";
				CLANG_ENABLE_MODULES = YES;
				CLANG_ENABLE_OBJC_ARC = YES;
				CLANG_WARN_BOOL_CONVERSION = YES;
				CLANG_WARN_CONSTANT_CONVERSION = YES;
				CLANG_WARN_DIRECT_OBJC_ISA_USAGE = YES_ERROR;
				CLANG_WARN_EMPTY_BODY = YES;
				CLANG_WARN_ENUM_CONVERSION = YES;
				CLANG_WARN_INT_CONVERSION = YES;
				CLANG_WARN_OBJC_ROOT_CLASS = YES_ERROR;
				CLANG_WARN_UNREACHABLE_CODE = YES;
				CLANG_WARN__DUPLICATE_METHOD_MATCH = YES;
				CODE_SIGN_IDENTITY = "-";
				COPY_PHASE_STRIP = YES;
				DEBUG_INFORMATION_FORMAT = "dwarf-with-dsym";
				ENABLE_NS_ASSERTIONS = NO;
				ENABLE_STRICT_OBJC_MSGSEND = YES;
				GCC_C_LANGUAGE_STANDARD = gnu99;
				GCC_WARN_64_TO_32_BIT_CONVERSION = YES;
				GCC_WARN_ABOUT_RETURN_TYPE = YES_ERROR;
				GCC_WARN_UNDECLARED_SELECTOR = YES;
				GCC_WARN_UNINITIALIZED_AUTOS = YES_AGGRESSIVE;
				GCC_WARN_UNUSED_FUNCTION = YES;
				GCC_WARN_UNUSED_VARIABLE = YES;
				MACOSX_DEPLOYMENT_TARGET = 10.10;
				MTL_ENABLE_DEBUG_INFO = NO;
				SDKROOT = macosx;
			};
			name = Release;
		};
		A06B57211A40FE85004FDAE6 /* Debug */ = {
			isa = XCBuildConfiguration;
			buildSettings = {
				ASSETCATALOG_COMPILER_APPICON_NAME = AppIcon;
				COMBINE_HIDPI_IMAGES = YES;
				INFOPLIST_FILE = GUI/Info.plist;
				LD_RUNPATH_SEARCH_PATHS = "$(inherited) @executable_path/../Frameworks";
				PRODUCT_NAME = "$(TARGET_NAME)";
			};
			name = Debug;
		};
		A06B57221A40FE85004FDAE6 /* Release */ = {
			isa = XCBuildConfiguration;
			buildSettings = {
				ASSETCATALOG_COMPILER_APPICON_NAME = AppIcon;
				COMBINE_HIDPI_IMAGES = YES;
				INFOPLIST_FILE = GUI/Info.plist;
				LD_RUNPATH_SEARCH_PATHS = "$(inherited) @executable_path/../Frameworks";
				PRODUCT_NAME = "$(TARGET_NAME)";
			};
			name = Release;
		};
		A06B57241A40FE85004FDAE6 /* Debug */ = {
			isa = XCBuildConfiguration;
			buildSettings = {
				BUNDLE_LOADER = "$(TEST_HOST)";
				COMBINE_HIDPI_IMAGES = YES;
				FRAMEWORK_SEARCH_PATHS = (
					"$(DEVELOPER_FRAMEWORKS_DIR)",
					"$(inherited)",
				);
				GCC_PREPROCESSOR_DEFINITIONS = (
					"DEBUG=1",
					"$(inherited)",
				);
				INFOPLIST_FILE = GUITests/Info.plist;
				LD_RUNPATH_SEARCH_PATHS = "$(inherited) @executable_path/../Frameworks @loader_path/../Frameworks";
				PRODUCT_NAME = "$(TARGET_NAME)";
				TEST_HOST = "$(BUILT_PRODUCTS_DIR)/GUI.app/Contents/MacOS/GUI";
			};
			name = Debug;
		};
		A06B57251A40FE85004FDAE6 /* Release */ = {
			isa = XCBuildConfiguration;
			buildSettings = {
				BUNDLE_LOADER = "$(TEST_HOST)";
				COMBINE_HIDPI_IMAGES = YES;
				FRAMEWORK_SEARCH_PATHS = (
					"$(DEVELOPER_FRAMEWORKS_DIR)",
					"$(inherited)",
				);
				INFOPLIST_FILE = GUITests/Info.plist;
				LD_RUNPATH_SEARCH_PATHS = "$(inherited) @executable_path/../Frameworks @loader_path/../Frameworks";
				PRODUCT_NAME = "$(TARGET_NAME)";
				TEST_HOST = "$(BUILT_PRODUCTS_DIR)/GUI.app/Contents/MacOS/GUI";
			};
			name = Release;
		};
/* End XCBuildConfiguration section */

/* Begin XCConfigurationList section */
		A06B56FE1A40FE85004FDAE6 /* Build configuration list for PBXProject "GUI" */ = {
			isa = XCConfigurationList;
			buildConfigurations = (
				A06B571E1A40FE85004FDAE6 /* Debug */,
				A06B571F1A40FE85004FDAE6 /* Release */,
			);
			defaultConfigurationIsVisible = 0;
			defaultConfigurationName = Release;
		};
		A06B57201A40FE85004FDAE6 /* Build configuration list for PBXNativeTarget "GUI" */ = {
			isa = XCConfigurationList;
			buildConfigurations = (
				A06B57211A40FE85004FDAE6 /* Debug */,
				A06B57221A40FE85004FDAE6 /* Release */,
			);
			defaultConfigurationIsVisible = 0;
		};
		A06B57231A40FE85004FDAE6 /* Build configuration list for PBXNativeTarget "GUITests" */ = {
			isa = XCConfigurationList;
			buildConfigurations = (
				A06B57241A40FE85004FDAE6 /* Debug */,
				A06B57251A40FE85004FDAE6 /* Release */,
			);
			defaultConfigurationIsVisible = 0;
		};
/* End XCConfigurationList section */
	};
	rootObject = A06B56FB1A40FE85004FDAE6 /* Project object */;
}
